{
  "name": "ai-translations-e2e-seed",
  "version": "1.0.0",
  "lockfileVersion": 3,
  "requires": true,
  "packages": {
    "": {
      "name": "ai-translations-e2e-seed",
      "version": "1.0.0",
      "dependencies": {
        "@datocms/cma-client-node": "^5.5.3"
      }
    },
    "node_modules/@datocms/cma-client": {
      "version": "5.5.3",
      "resolved": "https://registry.npmjs.org/@datocms/cma-client/-/cma-client-5.5.3.tgz",
      "integrity": "sha512-TjQtisKXOF/oU2wsoAR55ZUu/4yPy6RgGjhM9GIt91OdYMJDfxRkxMbm6cj4K94J7rkny9UG9IT6iwkhu/Vvfg==",
      "license": "MIT",
      "dependencies": {
        "@datocms/rest-client-utils": "^5.4.9",
        "datocms-structured-text-utils": "^5.1.4",
        "uuid": "^11.1.1"
      }
    },
    "node_modules/@datocms/cma-client-node": {
      "version": "5.5.3",
      "resolved": "https://registry.npmjs.org/@datocms/cma-client-node/-/cma-client-node-5.5.3.tgz",
      "integrity": "sha512-p49GPElzNtS+odPm3olp3tZ2mROHO+8E6GlV5yIHyAoTlnNtffn9yoZseNtcBSxbZKSmlcNbGPFVoaPcv/5OJQ==",
      "license": "MIT",
      "dependencies": {
        "@datocms/cma-client": "^5.5.3",
        "@datocms/rest-client-utils": "^5.4.9",
        "mime-types": "^2.1.35",
        "tmp-promise": "^3.0.3"
      }
    },
    "node_modules/@datocms/rest-client-utils": {
      "version": "5.4.9",
      "resolved": "https://registry.npmjs.org/@datocms/rest-client-utils/-/rest-client-utils-5.4.9.tgz",
      "integrity": "sha512-Gfv7R7pgHKk4oTfjBeQINsRojTEyOWyj8gFYhmuoF49vjfPFUqj27RT9W5HRpSUowJ7vw3DqRXY3yjJrzhovAg==",
      "license": "MIT",
      "dependencies": {
        "async-scheduler": "^1.4.4"
      }
    },
    "node_modules/array-flatten": {
      "version": "3.0.0",
      "resolved": "https://registry.npmjs.org/array-flatten/-/array-flatten-3.0.0.tgz",
      "integrity": "sha512-zPMVc3ZYlGLNk4mpK1NzP2wg0ml9t7fUgDsayR5Y5rSzxQilzR9FGu/EH2jQOcKSAeAfWeylyW8juy3OkWRvNA==",
      "license": "MIT"
    },
    "node_modules/async-scheduler": {
      "version": "1.4.4",
      "resolved": "https://registry.npmjs.org/async-scheduler/-/async-scheduler-1.4.4.tgz",
      "integrity": "sha512-KVWlF6WKlUGJA8FOJYVVk7xDm3PxITWXp9hTeDsXMtUPvItQ2x6g2rIeNAa0TtAiiWvHJqhyA3wo+pj0rA7Ldg==",
      "license": "MIT"
    },
    "node_modules/datocms-structured-text-utils": {
      "version": "5.1.16",
      "resolved": "https://registry.npmjs.org/datocms-structured-text-utils/-/datocms-structured-text-utils-5.1.16.tgz",
      "integrity": "sha512-BcTB1dLtE5q+59BCb3Yu+IgNW31ivjXe1W6VaZzamtvN6KcACdoUaeCQJbJ7aOI7zz/RAZM2yDr+roN6xfzrKg==",
      "license": "MIT",
      "dependencies": {
        "array-flatten": "^3.0.0"
      }
    },
    "node_modules/mime-db": {
      "version": "1.52.0",
      "resolved": "https://registry.npmjs.org/mime-db/-/mime-db-1.52.0.tgz",
      "integrity": "sha512-sPU4uV7dYlvtWJxwwxHD0PuihVNiE7TyAbQ5SWxDCB9mUYvOgroQOwYQQOKPJ8CIbE+1ETVlOoK1UC2nU3gYvg==",
      "license": "MIT",
      "engines": {
        "node": ">= 0.6"
      }
    },
    "node_modules/mime-types": {
      "version": "2.1.35",
      "resolved": "https://registry.npmjs.org/mime-types/-/mime-types-2.1.35.tgz",
      "integrity": "sha512-ZDY+bPm5zTTF+YpCrAU9nK0UgICYPT0QtT1NZWFv4s++TNkcgVaT0g6+4R2uI4MjQjzysHB1zxuWL50hzaeXiw==",
      "license": "MIT",
      "dependencies": {
        "mime-db": "1.52.0"
      },
      "engines": {
        "node": ">= 0.6"
      }
    },
    "node_modules/tmp": {
      "version": "0.2.7",
      "resolved": "https://registry.npmjs.org/tmp/-/tmp-0.2.7.tgz",
      "integrity": "sha512-e0votIpp4Uo2AJYSzVHV6xCcawuiez3DzqDAbrTc3YxBkplN6e+dM13ZeIcZnDg/QpSuU2zfZ3rzwY8ukEnaXw==",
      "license": "MIT",
      "engines": {
        "node": ">=14.14"
      }
    },
    "node_modules/tmp-promise": {
      "version": "3.0.3",
      "resolved": "https://registry.npmjs.org/tmp-promise/-/tmp-promise-3.0.3.tgz",
      "integrity": "sha512-RwM7MoPojPxsOBYnyd2hy0bxtIlVrihNs9pj5SUvY8Zz1sQcQG2tG1hSr8PDxfgEB8RNKDhqbIlroIarSNDNsQ==",
      "license": "MIT",
      "dependencies": {
        "tmp": "^0.2.0"
      }
    },
    "node_modules/uuid": {
      "version": "11.1.1",
      "resolved": "https://registry.npmjs.org/uuid/-/uuid-11.1.1.tgz",
      "integrity": "sha512-vIYxrBCC/N/K+Js3qSN88go7kIfNPssr/hHCesKCQNAjmgvYS2oqr69kIufEG+O4+PfezOH4EbIeHCfFov8ZgQ==",
      "funding": [
        "https://github.com/sponsors/broofa",
        "https://github.com/sponsors/ctavan"
      ],
      "license": "MIT",
      "bin": {
        "uuid": "dist/esm/bin/uuid"
      }
    }
  }
}
